{
    "_readme": [
        "This file locks the dependencies of your project to a known state",
        "Read more about it at https://getcomposer.org/doc/01-basic-usage.md#installing-dependencies",
        "This file is @generated automatically"
    ],
    "content-hash": "3f7dfe9003b8d35d2fb0de37a63dff86",
    "packages": [
        {
            "name": "composer/installers",
            "version": "v1.9.0",
            "source": {
                "type": "git",
                "url": "https://github.com/composer/installers.git",
                "reference": "b93bcf0fa1fccb0b7d176b0967d969691cd74cca"
            },
            "dist": {
                "type": "zip",
                "url": "https://api.github.com/repos/composer/installers/zipball/b93bcf0fa1fccb0b7d176b0967d969691cd74cca",
                "reference": "b93bcf0fa1fccb0b7d176b0967d969691cd74cca",
                "shasum": ""
            },
            "require": {
                "composer-plugin-api": "^1.0 || ^2.0"
            },
            "replace": {
                "roundcube/plugin-installer": "*",
                "shama/baton": "*"
            },
            "require-dev": {
                "composer/composer": "1.6.* || 2.0.*@dev",
                "composer/semver": "1.0.* || 2.0.*@dev",
                "phpunit/phpunit": "^4.8.36",
                "sebastian/comparator": "^1.2.4",
                "symfony/process": "^2.3"
            },
            "type": "composer-plugin",
            "extra": {
                "class": "Composer\\Installers\\Plugin",
                "branch-alias": {
                    "dev-master": "1.0-dev"
                }
            },
            "autoload": {
                "psr-4": {
                    "Composer\\Installers\\": "src/Composer/Installers"
                }
            },
            "notification-url": "https://packagist.org/downloads/",
            "license": [
                "MIT"
            ],
            "authors": [
                {
                    "name": "Kyle Robinson Young",
                    "email": "kyle@dontkry.com",
                    "homepage": "https://github.com/shama"
                }
            ],
            "description": "A multi-framework Composer library installer",
            "homepage": "https://composer.github.io/installers/",
            "keywords": [
                "Craft",
                "Dolibarr",
                "Eliasis",
                "Hurad",
                "ImageCMS",
                "Kanboard",
                "Lan Management System",
                "MODX Evo",
                "MantisBT",
                "Mautic",
                "Maya",
                "OXID",
                "Plentymarkets",
                "Porto",
                "RadPHP",
                "SMF",
                "Thelia",
                "Whmcs",
                "WolfCMS",
                "agl",
                "aimeos",
                "annotatecms",
                "attogram",
                "bitrix",
                "cakephp",
                "chef",
                "cockpit",
                "codeigniter",
                "concrete5",
                "croogo",
                "dokuwiki",
                "drupal",
                "eZ Platform",
                "elgg",
                "expressionengine",
                "fuelphp",
                "grav",
                "installer",
                "itop",
                "joomla",
                "known",
                "kohana",
                "laravel",
                "lavalite",
                "lithium",
                "magento",
                "majima",
                "mako",
                "mediawiki",
                "modulework",
                "modx",
                "moodle",
                "osclass",
                "phpbb",
                "piwik",
                "ppi",
                "puppet",
                "pxcms",
                "reindex",
                "roundcube",
                "shopware",
                "silverstripe",
                "sydes",
                "sylius",
                "symfony",
                "typo3",
                "wordpress",
                "yawik",
                "zend",
                "zikula"
            ],
            "time": "2020-04-07T06:57:05+00:00"
        },
        {
            "name": "johnpbloch/wordpress",
            "version": "5.4.1",
            "source": {
                "type": "git",
                "url": "https://github.com/johnpbloch/wordpress.git",
                "reference": "2cdacd2a14c9960bcd86d8b4d7b1f211b3e77684"
            },
            "dist": {
                "type": "zip",
                "url": "https://api.github.com/repos/johnpbloch/wordpress/zipball/2cdacd2a14c9960bcd86d8b4d7b1f211b3e77684",
                "reference": "2cdacd2a14c9960bcd86d8b4d7b1f211b3e77684",
                "shasum": ""
            },
            "require": {
                "johnpbloch/wordpress-core": "5.4.1",
                "johnpbloch/wordpress-core-installer": "^1.0",
                "php": ">=5.6.20"
            },
            "type": "package",
            "notification-url": "https://packagist.org/downloads/",
            "license": [
                "GPL-2.0+"
            ],
            "authors": [
                {
                    "name": "WordPress Community",
                    "homepage": "http://wordpress.org/about/"
                }
            ],
            "description": "WordPress is open source software you can use to create a beautiful website, blog, or app.",
            "homepage": "http://wordpress.org/",
            "keywords": [
                "blog",
                "cms",
                "wordpress"
            ],
            "time": "2020-04-29T19:02:59+00:00"
        },
        {
            "name": "johnpbloch/wordpress-core",
            "version": "5.4.1",
            "source": {
                "type": "git",
                "url": "https://github.com/johnpbloch/wordpress-core.git",
                "reference": "4639993365dbb3c935d420df22f84c136d9ef4d1"
            },
            "dist": {
                "type": "zip",
                "url": "https://api.github.com/repos/johnpbloch/wordpress-core/zipball/4639993365dbb3c935d420df22f84c136d9ef4d1",
                "reference": "4639993365dbb3c935d420df22f84c136d9ef4d1",
                "shasum": ""
            },
            "require": {
                "php": ">=5.6.20"
            },
            "provide": {
                "wordpress/core-implementation": "5.4.1"
            },
            "type": "wordpress-core",
            "notification-url": "https://packagist.org/downloads/",
            "license": [
                "GPL-2.0-or-later"
            ],
            "authors": [
                {
                    "name": "WordPress Community",
                    "homepage": "https://wordpress.org/about/"
                }
            ],
            "description": "WordPress is open source software you can use to create a beautiful website, blog, or app.",
            "homepage": "https://wordpress.org/",
            "keywords": [
                "blog",
                "cms",
                "wordpress"
            ],
            "time": "2020-04-29T19:02:53+00:00"
        },
        {
            "name": "johnpbloch/wordpress-core-installer",
            "version": "1.0.2",
            "source": {
                "type": "git",
                "url": "https://github.com/johnpbloch/wordpress-core-installer.git",
                "reference": "fd12f5cfe27223b92b0f4bbc097059eb23cc56c4"
            },
            "dist": {
                "type": "zip",
                "url": "https://api.github.com/repos/johnpbloch/wordpress-core-installer/zipball/fd12f5cfe27223b92b0f4bbc097059eb23cc56c4",
                "reference": "fd12f5cfe27223b92b0f4bbc097059eb23cc56c4",
                "shasum": ""
            },
            "require": {
                "composer-plugin-api": "^1.0"
            },
            "conflict": {
                "composer/installers": "<1.0.6"
            },
            "require-dev": {
                "composer/composer": "^1.0",
                "phpunit/phpunit": ">=4.8.35"
            },
            "type": "composer-plugin",
            "extra": {
                "class": "johnpbloch\\Composer\\WordPressCorePlugin"
            },
            "autoload": {
                "psr-0": {
                    "johnpbloch\\Composer\\": "src/"
                }
            },
            "notification-url": "https://packagist.org/downloads/",
            "license": [
                "GPL-2.0-or-later"
            ],
            "authors": [
                {
                    "name": "John P. Bloch",
                    "email": "me@johnpbloch.com"
                }
            ],
            "description": "A custom installer to handle deploying WordPress with composer",
            "keywords": [
                "wordpress"
            ],
            "time": "2018-11-09T20:10:38+00:00"
        },
        {
            "name": "koodimonni/composer-dropin-installer",
            "version": "1.2",
            "source": {
                "type": "git",
                "url": "https://github.com/Koodimonni/Composer-Dropin-Installer.git",
                "reference": "a749f19e3a3bc05529190961ed7529592b20138e"
            },
            "dist": {
                "type": "zip",
                "url": "https://api.github.com/repos/Koodimonni/Composer-Dropin-Installer/zipball/a749f19e3a3bc05529190961ed7529592b20138e",
                "reference": "a749f19e3a3bc05529190961ed7529592b20138e",
                "shasum": ""
            },
            "require": {
                "composer-plugin-api": "^1.0"
            },
            "require-dev": {
                "phpunit/phpunit": "3.7.*-dev"
            },
            "type": "composer-plugin",
            "extra": {
                "class": "Koodimonni\\Composer\\Dropin"
            },
            "autoload": {
                "psr-4": {
                    "Koodimonni\\Composer\\": "src"
                }
            },
            "notification-url": "https://packagist.org/downloads/",
            "license": [
                "WTFPL"
            ],
            "authors": [
                {
                    "name": "Onni Hakala",
                    "email": "onni@koodimonni.fi",
                    "role": "Developer"
                }
            ],
            "description": "Install packages or a few files from packages into custom paths without overwriting existing stuff.",
            "time": "2018-02-04T10:52:01+00:00"
        },
        {
            "name": "vlucas/phpdotenv",
            "version": "v2.2.1",
            "source": {
                "type": "git",
                "url": "https://github.com/vlucas/phpdotenv.git",
                "reference": "63f37b9395e8041cd4313129c08ece896d06ca8e"
            },
            "dist": {
                "type": "zip",
                "url": "https://api.github.com/repos/vlucas/phpdotenv/zipball/63f37b9395e8041cd4313129c08ece896d06ca8e",
                "reference": "63f37b9395e8041cd4313129c08ece896d06ca8e",
                "shasum": ""
            },
            "require": {
                "php": ">=5.3.9"
            },
            "require-dev": {
                "phpunit/phpunit": "^4.8 || ^5.0"
            },
            "type": "library",
            "extra": {
                "branch-alias": {
                    "dev-master": "2.2-dev"
                }
            },
            "autoload": {
                "psr-4": {
                    "Dotenv\\": "src/"
                }
            },
            "notification-url": "https://packagist.org/downloads/",
            "license": [
                "BSD-3-Clause-Attribution"
            ],
            "authors": [
                {
                    "name": "Vance Lucas",
                    "email": "vance@vancelucas.com",
                    "homepage": "http://www.vancelucas.com"
                }
            ],
            "description": "Loads environment variables from `.env` to `getenv()`, `$_ENV` and `$_SERVER` automagically.",
            "keywords": [
                "dotenv",
                "env",
                "environment"
            ],
            "time": "2016-04-15T10:48:49+00:00"
        },
        {
            "name": "wpackagist-plugin/jetpack",
            "version": "8.5",
            "source": {
                "type": "svn",
                "url": "https://plugins.svn.wordpress.org/jetpack/",
                "reference": "tags/8.5"
            },
            "dist": {
                "type": "zip",
                "url": "https://downloads.wordpress.org/plugin/jetpack.8.5.zip",
                "reference": null,
                "shasum": null
            },
            "require": {
                "composer/installers": "~1.0"
            },
            "type": "wordpress-plugin",
            "homepage": "https://wordpress.org/plugins/jetpack/"
        }
    ],
    "packages-dev": [
        {
            "name": "natanfelles/php-server",
            "version": "v2.11",
            "source": {
                "type": "git",
                "url": "https://github.com/natanfelles/php-server.git",
                "reference": "b475630bd5a76fe39bc5047e47a942c926fcd7c5"
            },
            "dist": {
                "type": "zip",
                "url": "https://api.github.com/repos/natanfelles/php-server/zipball/b475630bd5a76fe39bc5047e47a942c926fcd7c5",
                "reference": "b475630bd5a76fe39bc5047e47a942c926fcd7c5",
                "shasum": ""
            },
            "require": {
                "php": ">=5.6.0"
            },
            "bin": [
                "bin/php-server"
            ],
            "type": "library",
            "notification-url": "https://packagist.org/downloads/",
            "license": [
                "MIT"
            ],
            "authors": [
                {
                    "name": "Natan Felles",
                    "email": "natanfelles@gmail.com",
                    "homepage": "https://natanfelles.github.io"
                }
            ],
            "description": "Fine tuning on the PHP Built-in web server.",
            "homepage": "https://github.com/natanfelles/php-server",
            "keywords": [
                "Devtools",
                "autoindex",
                "dev",
                "development",
                "document-root",
                "mod-rewrite",
                "php-server",
                "rewrite",
                "server",
                "webserver"
            ],
            "time": "2019-11-13T13:26:06+00:00"
        }
    ],
    "aliases": [],
    "minimum-stability": "stable",
    "stability-flags": [],
    "prefer-stable": false,
    "prefer-lowest": false,
    "platform": {
        "php": ">=5.4"
    },
    "platform-dev": []
}
